
Microsoft Visual Studio Solution File, Format Version 12.00
# Visual Studio Version 17
VisualStudioVersion = 17.11.35303.130
MinimumVisualStudioVersion = 10.0.40219.1
Project("{FAE04EC0-301F-11D3-BF4B-00C04F79EFBC}") = "SistemaInventario", "SistemaInventario\SistemaInventario.csproj", "{DD6A9F57-2C5C-425F-A9EA-D5DE0458E649}"
EndProject
Global
	GlobalSection(SolutionConfigurationPlatforms) = preSolution
		Debug|Any CPU = Debug|Any CPU
		Release|Any CPU = Release|Any CPU
	EndGlobalSection
	GlobalSection(ProjectConfigurationPlatforms) = postSolution
		{DD6A9F57-2C5C-425F-A9EA-D5DE0458E649}.Debug|Any CPU.ActiveCfg = Debug|Any CPU
		{DD6A9F57-2C5C-425F-A9EA-D5DE0458E649}.Debug|Any CPU.Build.0 = Debug|Any CPU
		{DD6A9F57-2C5C-425F-A9EA-D5DE0458E649}.Release|Any CPU.ActiveCfg = Release|Any CPU
		{DD6A9F57-2C5C-425F-A9EA-D5DE0458E649}.Release|Any CPU.Build.0 = Release|Any CPU
	EndGlobalSection
	GlobalSection(SolutionProperties) = preSolution
		HideSolutionNode = FALSE
	EndGlobalSection
	GlobalSection(ExtensibilityGlobals) = postSolution
		SolutionGuid = {5BBBD9AF-EC83-4C5B-AB79-D95E6DF116CE}
	EndGlobalSection
EndGlobal
